
Microsoft Visual Studio Solution File, Format Version 12.00
Project("{FAE04EC0-301F-11D3-BF4B-00C04F79EFBC}") = "Search", "Search\Search.csproj", "{4659A8F2-900B-4E9F-90AF-231876AF53F6}"
EndProject
Project("{FAE04EC0-301F-11D3-BF4B-00C04F79EFBC}") = "Model", "Model\Model.csproj", "{EA2B472D-C347-4E4C-9EFF-787FC753D610}"
EndProject
Global
	GlobalSection(SolutionConfigurationPlatforms) = preSolution
		Debug|Any CPU = Debug|Any CPU
		Release|Any CPU = Release|Any CPU
	EndGlobalSection
	GlobalSection(ProjectConfigurationPlatforms) = postSolution
		{4659A8F2-900B-4E9F-90AF-231876AF53F6}.Debug|Any CPU.ActiveCfg = Debug|Any CPU
		{4659A8F2-900B-4E9F-90AF-231876AF53F6}.Debug|Any CPU.Build.0 = Debug|Any CPU
		{4659A8F2-900B-4E9F-90AF-231876AF53F6}.Release|Any CPU.ActiveCfg = Release|Any CPU
		{4659A8F2-900B-4E9F-90AF-231876AF53F6}.Release|Any CPU.Build.0 = Release|Any CPU
		{EA2B472D-C347-4E4C-9EFF-787FC753D610}.Debug|Any CPU.ActiveCfg = Debug|Any CPU
		{EA2B472D-C347-4E4C-9EFF-787FC753D610}.Debug|Any CPU.Build.0 = Debug|Any CPU
		{EA2B472D-C347-4E4C-9EFF-787FC753D610}.Release|Any CPU.ActiveCfg = Release|Any CPU
		{EA2B472D-C347-4E4C-9EFF-787FC753D610}.Release|Any CPU.Build.0 = Release|Any CPU
	EndGlobalSection
EndGlobal
