
Microsoft Visual Studio Solution File, Format Version 12.00
Project("{FAE04EC0-301F-11D3-BF4B-00C04F79EFBC}") = "Search", "Search\Search.csproj", "{331ABA4C-E5A8-4A8A-A989-8424882FE97E}"
EndProject
Project("{FAE04EC0-301F-11D3-BF4B-00C04F79EFBC}") = "SearchTest", "SearchTest\SearchTest.csproj", "{5AC72C38-AC04-4DCF-BDC0-F4652CC44D34}"
EndProject
Global
	GlobalSection(SolutionConfigurationPlatforms) = preSolution
		Debug|Any CPU = Debug|Any CPU
		Release|Any CPU = Release|Any CPU
	EndGlobalSection
	GlobalSection(ProjectConfigurationPlatforms) = postSolution
		{331ABA4C-E5A8-4A8A-A989-8424882FE97E}.Debug|Any CPU.ActiveCfg = Debug|Any CPU
		{331ABA4C-E5A8-4A8A-A989-8424882FE97E}.Debug|Any CPU.Build.0 = Debug|Any CPU
		{331ABA4C-E5A8-4A8A-A989-8424882FE97E}.Release|Any CPU.ActiveCfg = Release|Any CPU
		{331ABA4C-E5A8-4A8A-A989-8424882FE97E}.Release|Any CPU.Build.0 = Release|Any CPU
		{5AC72C38-AC04-4DCF-BDC0-F4652CC44D34}.Debug|Any CPU.ActiveCfg = Debug|Any CPU
		{5AC72C38-AC04-4DCF-BDC0-F4652CC44D34}.Debug|Any CPU.Build.0 = Debug|Any CPU
		{5AC72C38-AC04-4DCF-BDC0-F4652CC44D34}.Release|Any CPU.ActiveCfg = Release|Any CPU
		{5AC72C38-AC04-4DCF-BDC0-F4652CC44D34}.Release|Any CPU.Build.0 = Release|Any CPU
	EndGlobalSection
EndGlobal
